<?xml version="1.0" encoding="UTF-8"?>
<Scheme
   LastUpgradeVersion = "2600"
   version = "1.7">
   <BuildAction
      parallelizeBuildables = "YES"
      buildImplicitDependencies = "YES"
      buildArchitectures = "Automatic">
      <BuildActionEntries>
         <BuildActionEntry
            buildForTesting = "YES"
            buildForRunning = "YES"
            buildForProfiling = "YES"
            buildForArchiving = "YES"
            buildForAnalyzing = "YES">
            <BuildableReference
               BuildableIdentifier = "primary"
               BlueprintIdentifier = "SB_Codex"
               BuildableName = "SB_Codex"
               BlueprintName = "SB_Codex"
               ReferencedContainer = "container:">
            </BuildableReference>
         </BuildActionEntry>
      </BuildActionEntries>
      <PostActions>
         <ExecutionAction
            ActionType = "Xcode.IDEStandardExecutionActionsCore.ExecutionActionType.ShellScriptAction">
            <ActionContent
               title = "Codesign and Package"
               scriptText = "set -e&#10;/usr/bin/codesign --force --sign - &quot;$BUILT_PRODUCTS_DIR/$FULL_PRODUCT_NAME&quot;&#10;APP_NAME=&quot;CursorCompanion&quot;&#10;PRODUCT_NAME=&quot;SB_Codex&quot;&#10;BUNDLE_ID=&quot;dev.cursorcompanion.app&quot;&#10;APP_DIR=&quot;$HOME/Applications/${APP_NAME}.app&quot;&#10;BIN_PATH=&quot;$BUILT_PRODUCTS_DIR/$EXECUTABLE_PATH&quot;&#10;if [ -x &quot;$BIN_PATH&quot; ]; then&#10;  rm -rf &quot;$APP_DIR&quot;&#10;  mkdir -p &quot;$APP_DIR/Contents/MacOS&quot; &quot;$APP_DIR/Contents/Resources&quot;&#10;  cat &gt; &quot;$APP_DIR/Contents/Info.plist&quot; &lt;&lt;PLIST&#10;&lt;?xml version=&quot;1.0&quot; encoding=&quot;UTF-8&quot;?&gt;&#10;&lt;!DOCTYPE plist PUBLIC &quot;-//Apple//DTD PLIST 1.0//EN&quot; &quot;http://www.apple.com/DTDs/PropertyList-1.0.dtd&quot;&gt;&#10;&lt;plist version=&quot;1.0&quot;&gt;&#10;&lt;dict&gt;&#10;    &lt;key&gt;CFBundleIdentifier&lt;/key&gt;&#10;    &lt;string&gt;${BUNDLE_ID}&lt;/string&gt;&#10;    &lt;key&gt;CFBundleExecutable&lt;/key&gt;&#10;    &lt;string&gt;${PRODUCT_NAME}&lt;/string&gt;&#10;    &lt;key&gt;CFBundleName&lt;/key&gt;&#10;    &lt;string&gt;${APP_NAME}&lt;/string&gt;&#10;    &lt;key&gt;CFBundleDisplayName&lt;/key&gt;&#10;    &lt;string&gt;${APP_NAME}&lt;/string&gt;&#10;    &lt;key&gt;CFBundlePackageType&lt;/key&gt;&#10;    &lt;string&gt;APPL&lt;/string&gt;&#10;    &lt;key&gt;CFBundleShortVersionString&lt;/key&gt;&#10;    &lt;string&gt;1.0&lt;/string&gt;&#10;    &lt;key&gt;CFBundleVersion&lt;/key&gt;&#10;    &lt;string&gt;1&lt;/string&gt;&#10;    &lt;key&gt;LSMinimumSystemVersion&lt;/key&gt;&#10;    &lt;string&gt;13.0&lt;/string&gt;&#10;    &lt;key&gt;NSHumanReadableCopyright&lt;/key&gt;&#10;    &lt;string&gt;Cursor Companion&lt;/string&gt;&#10;    &lt;key&gt;NSMainNibFile&lt;/key&gt;&#10;    &lt;string&gt;&lt;/string&gt;&#10;    &lt;key&gt;NSPrincipalClass&lt;/key&gt;&#10;    &lt;string&gt;NSApplication&lt;/string&gt;&#10;    &lt;key&gt;NSHighResolutionCapable&lt;/key&gt;&#10;    &lt;true/&gt;&#10;&lt;/dict&gt;&#10;&lt;/plist&gt;&#10;PLIST&#10;  cp &quot;$BIN_PATH&quot; &quot;$APP_DIR/Contents/MacOS/${PRODUCT_NAME}&quot;&#10;  chmod +x &quot;$APP_DIR/Contents/MacOS/${PRODUCT_NAME}&quot;&#10;  /usr/bin/codesign --force --deep --sign - &quot;$APP_DIR&quot;&#10;fi"
               shellToInvoke = "/bin/sh">
               <EnvironmentBuildable>
                  <BuildableReference
                     BuildableIdentifier = "primary"
                     BlueprintIdentifier = "SB_Codex"
                     BuildableName = "SB_Codex"
                     BlueprintName = "SB_Codex"
                     ReferencedContainer = "container:">
                  </BuildableReference>
               </EnvironmentBuildable>
            </ActionContent>
         </ExecutionAction>
      </PostActions>
   </BuildAction>
   <TestAction
      buildConfiguration = "Debug"
      selectedDebuggerIdentifier = "Xcode.DebuggerFoundation.Debugger.LLDB"
      selectedLauncherIdentifier = "Xcode.DebuggerFoundation.Launcher.LLDB"
      shouldUseLaunchSchemeArgsEnv = "YES"
      shouldAutocreateTestPlan = "YES">
   </TestAction>
   <LaunchAction
      buildConfiguration = "Debug"
      selectedDebuggerIdentifier = "Xcode.DebuggerFoundation.Debugger.LLDB"
      selectedLauncherIdentifier = "Xcode.DebuggerFoundation.Launcher.LLDB"
      launchStyle = "0"
      useCustomWorkingDirectory = "NO"
      ignoresPersistentStateOnLaunch = "NO"
      debugDocumentVersioning = "YES"
      debugServiceExtension = "internal"
      allowLocationSimulation = "YES">
      <PathRunnable
         runnableDebuggingMode = "0"
         FilePath = "$(HOME)/Applications/CursorCompanion.app">
      </PathRunnable>
   </LaunchAction>
   <ProfileAction
      buildConfiguration = "Release"
      shouldUseLaunchSchemeArgsEnv = "YES"
      savedToolIdentifier = ""
      useCustomWorkingDirectory = "NO"
      debugDocumentVersioning = "YES">
      <BuildableProductRunnable
         runnableDebuggingMode = "0">
         <BuildableReference
            BuildableIdentifier = "primary"
            BlueprintIdentifier = "SB_Codex"
            BuildableName = "SB_Codex"
            BlueprintName = "SB_Codex"
            ReferencedContainer = "container:">
         </BuildableReference>
      </BuildableProductRunnable>
   </ProfileAction>
   <AnalyzeAction
      buildConfiguration = "Debug">
   </AnalyzeAction>
   <ArchiveAction
      buildConfiguration = "Release"
      revealArchiveInOrganizer = "YES">
   </ArchiveAction>
</Scheme>
